
Microsoft Visual Studio Solution File, Format Version 12.00
# Visual Studio Version 17
VisualStudioVersion = 17.3.32901.215
MinimumVisualStudioVersion = 10.0.40219.1
Project("{9A19103F-16F7-4668-BE54-9A1E7A4F7556}") = "SquadsT1.Domain", "SquadsT1.Domain\SquadsT1.Domain.csproj", "{67FDC7F1-FA44-471F-A8CE-9ED73B328EB0}"
EndProject
Project("{FAE04EC0-301F-11D3-BF4B-00C04F79EFBC}") = "SquadsT1.Persistence", "SquadsT1.Persistence\SquadsT1.Persistence.csproj", "{AAD4511F-3C0E-458C-A866-8CE6ED1A8E54}"
EndProject
Project("{FAE04EC0-301F-11D3-BF4B-00C04F79EFBC}") = "SquadsT1.Server", "SquadsT1.Server\SquadsT1.Server.csproj", "{4C070E13-D74B-4A9F-99B9-1391A4493F83}"
EndProject
Global
	GlobalSection(SolutionConfigurationPlatforms) = preSolution
		Debug|Any CPU = Debug|Any CPU
		Release|Any CPU = Release|Any CPU
	EndGlobalSection
	GlobalSection(ProjectConfigurationPlatforms) = postSolution
		{67FDC7F1-FA44-471F-A8CE-9ED73B328EB0}.Debug|Any CPU.ActiveCfg = Debug|Any CPU
		{67FDC7F1-FA44-471F-A8CE-9ED73B328EB0}.Debug|Any CPU.Build.0 = Debug|Any CPU
		{67FDC7F1-FA44-471F-A8CE-9ED73B328EB0}.Release|Any CPU.ActiveCfg = Release|Any CPU
		{67FDC7F1-FA44-471F-A8CE-9ED73B328EB0}.Release|Any CPU.Build.0 = Release|Any CPU
		{AAD4511F-3C0E-458C-A866-8CE6ED1A8E54}.Debug|Any CPU.ActiveCfg = Debug|Any CPU
		{AAD4511F-3C0E-458C-A866-8CE6ED1A8E54}.Debug|Any CPU.Build.0 = Debug|Any CPU
		{AAD4511F-3C0E-458C-A866-8CE6ED1A8E54}.Release|Any CPU.ActiveCfg = Release|Any CPU
		{AAD4511F-3C0E-458C-A866-8CE6ED1A8E54}.Release|Any CPU.Build.0 = Release|Any CPU
		{4C070E13-D74B-4A9F-99B9-1391A4493F83}.Debug|Any CPU.ActiveCfg = Debug|Any CPU
		{4C070E13-D74B-4A9F-99B9-1391A4493F83}.Debug|Any CPU.Build.0 = Debug|Any CPU
		{4C070E13-D74B-4A9F-99B9-1391A4493F83}.Release|Any CPU.ActiveCfg = Release|Any CPU
		{4C070E13-D74B-4A9F-99B9-1391A4493F83}.Release|Any CPU.Build.0 = Release|Any CPU
	EndGlobalSection
	GlobalSection(SolutionProperties) = preSolution
		HideSolutionNode = FALSE
	EndGlobalSection
	GlobalSection(ExtensibilityGlobals) = postSolution
		SolutionGuid = {2347BFFD-0973-40C7-82DE-ECBDEE91742F}
	EndGlobalSection
EndGlobal
