
Microsoft Visual Studio Solution File, Format Version 12.00
# Visual Studio Version 17
VisualStudioVersion = 17.3.32901.215
MinimumVisualStudioVersion = 10.0.40219.1
Project("{9A19103F-16F7-4668-BE54-9A1E7A4F7556}") = "SquadsT1.Domain", "SquadsT1.Domain\SquadsT1.Domain.csproj", "{67FDC7F1-FA44-471F-A8CE-9ED73B328EB0}"
EndProject
Project("{FAE04EC0-301F-11D3-BF4B-00C04F79EFBC}") = "SquadsT1.Services", "SquadsT1.Services\SquadsT1.Services.csproj", "{F9DE8C35-F3FB-4975-95E3-A65C06E38ED4}"
EndProject
Project("{FAE04EC0-301F-11D3-BF4B-00C04F79EFBC}") = "SquadsT1.Shared", "SquadsT1.Shared\SquadsT1.Shared.csproj", "{DC8C6915-023C-40F3-92F5-199C8E85651E}"
EndProject
Project("{FAE04EC0-301F-11D3-BF4B-00C04F79EFBC}") = "SquadsT1.Server", "SquadsT1.Server\SquadsT1.Server.csproj", "{849B730C-D4A4-4467-9EA9-98BC4D9775F3}"
EndProject
Project("{FAE04EC0-301F-11D3-BF4B-00C04F79EFBC}") = "SquadsT1.Client", "SquadsT1.Client\SquadsT1.Client.csproj", "{FF290A05-6EE9-4EF1-9526-276574D93EC0}"
EndProject
Project("{FAE04EC0-301F-11D3-BF4B-00C04F79EFBC}") = "SquadsT1.Console", "SquadsT1.Console\SquadsT1.Console.csproj", "{6CACA2CF-ACFB-4803-920E-5415EE28AC18}"
EndProject
Global
	GlobalSection(SolutionConfigurationPlatforms) = preSolution
		Debug|Any CPU = Debug|Any CPU
		Release|Any CPU = Release|Any CPU
	EndGlobalSection
	GlobalSection(ProjectConfigurationPlatforms) = postSolution
		{67FDC7F1-FA44-471F-A8CE-9ED73B328EB0}.Debug|Any CPU.ActiveCfg = Debug|Any CPU
		{67FDC7F1-FA44-471F-A8CE-9ED73B328EB0}.Debug|Any CPU.Build.0 = Debug|Any CPU
		{67FDC7F1-FA44-471F-A8CE-9ED73B328EB0}.Release|Any CPU.ActiveCfg = Release|Any CPU
		{67FDC7F1-FA44-471F-A8CE-9ED73B328EB0}.Release|Any CPU.Build.0 = Release|Any CPU
		{F9DE8C35-F3FB-4975-95E3-A65C06E38ED4}.Debug|Any CPU.ActiveCfg = Debug|Any CPU
		{F9DE8C35-F3FB-4975-95E3-A65C06E38ED4}.Debug|Any CPU.Build.0 = Debug|Any CPU
		{F9DE8C35-F3FB-4975-95E3-A65C06E38ED4}.Release|Any CPU.ActiveCfg = Release|Any CPU
		{F9DE8C35-F3FB-4975-95E3-A65C06E38ED4}.Release|Any CPU.Build.0 = Release|Any CPU
		{DC8C6915-023C-40F3-92F5-199C8E85651E}.Debug|Any CPU.ActiveCfg = Debug|Any CPU
		{DC8C6915-023C-40F3-92F5-199C8E85651E}.Debug|Any CPU.Build.0 = Debug|Any CPU
		{DC8C6915-023C-40F3-92F5-199C8E85651E}.Release|Any CPU.ActiveCfg = Release|Any CPU
		{DC8C6915-023C-40F3-92F5-199C8E85651E}.Release|Any CPU.Build.0 = Release|Any CPU
		{849B730C-D4A4-4467-9EA9-98BC4D9775F3}.Debug|Any CPU.ActiveCfg = Debug|Any CPU
		{849B730C-D4A4-4467-9EA9-98BC4D9775F3}.Debug|Any CPU.Build.0 = Debug|Any CPU
		{849B730C-D4A4-4467-9EA9-98BC4D9775F3}.Release|Any CPU.ActiveCfg = Release|Any CPU
		{849B730C-D4A4-4467-9EA9-98BC4D9775F3}.Release|Any CPU.Build.0 = Release|Any CPU
		{FF290A05-6EE9-4EF1-9526-276574D93EC0}.Debug|Any CPU.ActiveCfg = Debug|Any CPU
		{FF290A05-6EE9-4EF1-9526-276574D93EC0}.Debug|Any CPU.Build.0 = Debug|Any CPU
		{FF290A05-6EE9-4EF1-9526-276574D93EC0}.Release|Any CPU.ActiveCfg = Release|Any CPU
		{FF290A05-6EE9-4EF1-9526-276574D93EC0}.Release|Any CPU.Build.0 = Release|Any CPU
		{6CACA2CF-ACFB-4803-920E-5415EE28AC18}.Debug|Any CPU.ActiveCfg = Debug|Any CPU
		{6CACA2CF-ACFB-4803-920E-5415EE28AC18}.Debug|Any CPU.Build.0 = Debug|Any CPU
		{6CACA2CF-ACFB-4803-920E-5415EE28AC18}.Release|Any CPU.ActiveCfg = Release|Any CPU
		{6CACA2CF-ACFB-4803-920E-5415EE28AC18}.Release|Any CPU.Build.0 = Release|Any CPU
	EndGlobalSection
	GlobalSection(SolutionProperties) = preSolution
		HideSolutionNode = FALSE
	EndGlobalSection
	GlobalSection(ExtensibilityGlobals) = postSolution
		SolutionGuid = {2347BFFD-0973-40C7-82DE-ECBDEE91742F}
	EndGlobalSection
EndGlobal
